<?xml version="1.0" encoding="utf-8"?>
<Project ToolsVersion="4.0" xmlns="http://schemas.microsoft.com/developer/msbuild/2003">
  <ItemGroup>
    <Filter Include="Source Files">
      <UniqueIdentifier>{4FC737F1-C7A5-4376-A066-2A32D752A2FF}</UniqueIdentifier>
      <Extensions>cpp;c;cc;cxx;def;odl;idl;hpj;bat;asm;asmx</Extensions>
    </Filter>
    <Filter Include="Header Files">
      <UniqueIdentifier>{93995380-89BD-4b04-88EB-625FBE52EBFB}</UniqueIdentifier>
      <Extensions>h;hh;hpp;hxx;hm;inl;inc;xsd</Extensions>
    </Filter>
    <Filter Include="Resource Files">
      <UniqueIdentifier>{67DA6AB6-F800-4c08-8B7A-83BB121AAD01}</UniqueIdentifier>
      <Extensions>rc;ico;cur;bmp;dlg;rc2;rct;bin;rgs;gif;jpg;jpeg;jpe;resx;tiff;tif;png;wav;mfcribbon-ms</Extensions>
    </Filter>
  </ItemGroup>
  <ItemGroup>
    <ClCompile Include="basecode.cpp">
      <Filter>Source Files</Filter>
    </ClCompile>
    <ClCompile Include="hex.cpp">
      <Filter>Source Files</Filter>
    </ClCompile>
    <ClCompile Include="main.cpp">
      <Filter>Source Files</Filter>
    </ClCompile>
    <ClCompile Include="md4.cpp">
      <Filter>Source Files</Filter>
    </ClCompile>
    <ClCompile Include="md5.cpp">
      <Filter>Source Files</Filter>
    </ClCompile>
    <ClCompile Include="ripemd.cpp">
      <Filter>Source Files</Filter>
    </ClCompile>
    <ClCompile Include="..\ctSESAM\3rdparty\cryptopp562\algparam.cpp">
      <Filter>Source Files</Filter>
    </ClCompile>
    <ClCompile Include="..\ctSESAM\3rdparty\cryptopp562\cpu.cpp">
      <Filter>Source Files</Filter>
    </ClCompile>
    <ClCompile Include="..\ctSESAM\3rdparty\cryptopp562\cryptlib.cpp">
      <Filter>Source Files</Filter>
    </ClCompile>
    <ClCompile Include="..\ctSESAM\3rdparty\cryptopp562\filters.cpp">
      <Filter>Source Files</Filter>
    </ClCompile>
    <ClCompile Include="..\ctSESAM\3rdparty\cryptopp562\iterhash.cpp">
      <Filter>Source Files</Filter>
    </ClCompile>
    <ClCompile Include="..\ctSESAM\3rdparty\cryptopp562\misc.cpp">
      <Filter>Source Files</Filter>
    </ClCompile>
    <ClCompile Include="..\ctSESAM\3rdparty\cryptopp562\mqueue.cpp">
      <Filter>Source Files</Filter>
    </ClCompile>
    <ClCompile Include="..\ctSESAM\3rdparty\cryptopp562\osrng.cpp">
      <Filter>Source Files</Filter>
    </ClCompile>
    <ClCompile Include="..\ctSESAM\3rdparty\cryptopp562\rng.cpp">
      <Filter>Source Files</Filter>
    </ClCompile>
    <ClCompile Include="..\ctSESAM\3rdparty\cryptopp562\sha.cpp">
      <Filter>Source Files</Filter>
    </ClCompile>
    <ClCompile Include="..\ctSESAM\3rdparty\cryptopp562\simple.cpp">
      <Filter>Source Files</Filter>
    </ClCompile>
    <ClCompile Include="crc.cpp">
      <Filter>Source Files</Filter>
    </ClCompile>
    <ClCompile Include="..\ctSESAM\3rdparty\cryptopp562\fips140.cpp">
      <Filter>Source Files</Filter>
    </ClCompile>
    <ClCompile Include="..\ctSESAM\3rdparty\cryptopp562\queue.cpp">
      <Filter>Source Files</Filter>
    </ClCompile>
  </ItemGroup>
  <ItemGroup>
    <ClInclude Include="basecode.h">
      <Filter>Header Files</Filter>
    </ClInclude>
    <ClInclude Include="hex.h">
      <Filter>Header Files</Filter>
    </ClInclude>
    <ClInclude Include="md4.h">
      <Filter>Header Files</Filter>
    </ClInclude>
    <ClInclude Include="md5.h">
      <Filter>Header Files</Filter>
    </ClInclude>
    <ClInclude Include="ripemd.h">
      <Filter>Header Files</Filter>
    </ClInclude>
    <ClInclude Include="..\ctSESAM\3rdparty\cryptopp562\pch.h">
      <Filter>Header Files</Filter>
    </ClInclude>
    <ClInclude Include="..\ctSESAM\3rdparty\cryptopp562\algparam.h">
      <Filter>Header Files</Filter>
    </ClInclude>
    <ClInclude Include="..\ctSESAM\3rdparty\cryptopp562\argnames.h">
      <Filter>Header Files</Filter>
    </ClInclude>
    <ClInclude Include="..\ctSESAM\3rdparty\cryptopp562\config.h">
      <Filter>Header Files</Filter>
    </ClInclude>
    <ClInclude Include="..\ctSESAM\3rdparty\cryptopp562\cpu.h">
      <Filter>Header Files</Filter>
    </ClInclude>
    <ClInclude Include="..\ctSESAM\3rdparty\cryptopp562\cryptlib.h">
      <Filter>Header Files</Filter>
    </ClInclude>
    <ClInclude Include="..\ctSESAM\3rdparty\cryptopp562\filters.h">
      <Filter>Header Files</Filter>
    </ClInclude>
    <ClInclude Include="..\ctSESAM\3rdparty\cryptopp562\fips140.h">
      <Filter>Header Files</Filter>
    </ClInclude>
    <ClInclude Include="..\ctSESAM\3rdparty\cryptopp562\fltrimpl.h">
      <Filter>Header Files</Filter>
    </ClInclude>
    <ClInclude Include="..\ctSESAM\3rdparty\cryptopp562\integer.h">
      <Filter>Header Files</Filter>
    </ClInclude>
    <ClInclude Include="..\ctSESAM\3rdparty\cryptopp562\iterhash.h">
      <Filter>Header Files</Filter>
    </ClInclude>
    <ClInclude Include="..\ctSESAM\3rdparty\cryptopp562\misc.h">
      <Filter>Header Files</Filter>
    </ClInclude>
    <ClInclude Include="..\ctSESAM\3rdparty\cryptopp562\mqueue.h">
      <Filter>Header Files</Filter>
    </ClInclude>
    <ClInclude Include="..\ctSESAM\3rdparty\cryptopp562\osrng.h">
      <Filter>Header Files</Filter>
    </ClInclude>
    <ClInclude Include="..\ctSESAM\3rdparty\cryptopp562\queue.h">
      <Filter>Header Files</Filter>
    </ClInclude>
    <ClInclude Include="..\ctSESAM\3rdparty\cryptopp562\randpool.h">
      <Filter>Header Files</Filter>
    </ClInclude>
    <ClInclude Include="..\ctSESAM\3rdparty\cryptopp562\rng.h">
      <Filter>Header Files</Filter>
    </ClInclude>
    <ClInclude Include="..\ctSESAM\3rdparty\cryptopp562\secblock.h">
      <Filter>Header Files</Filter>
    </ClInclude>
    <ClInclude Include="..\ctSESAM\3rdparty\cryptopp562\seckey.h">
      <Filter>Header Files</Filter>
    </ClInclude>
    <ClInclude Include="..\ctSESAM\3rdparty\cryptopp562\sha.h">
      <Filter>Header Files</Filter>
    </ClInclude>
    <ClInclude Include="..\ctSESAM\3rdparty\cryptopp562\simple.h">
      <Filter>Header Files</Filter>
    </ClInclude>
    <ClInclude Include="..\ctSESAM\3rdparty\cryptopp562\smartptr.h">
      <Filter>Header Files</Filter>
    </ClInclude>
    <ClInclude Include="..\ctSESAM\3rdparty\cryptopp562\stdcpp.h">
      <Filter>Header Files</Filter>
    </ClInclude>
    <ClInclude Include="..\ctSESAM\3rdparty\cryptopp562\trdlocal.h">
      <Filter>Header Files</Filter>
    </ClInclude>
    <ClInclude Include="..\ctSESAM\3rdparty\cryptopp562\words.h">
      <Filter>Header Files</Filter>
    </ClInclude>
    <ClInclude Include="crc.h">
      <Filter>Header Files</Filter>
    </ClInclude>
  </ItemGroup>
</Project>